
Microsoft Visual Studio Solution File, Format Version 12.00
# Visual Studio Version 16
VisualStudioVersion = 16.0.32002.261
MinimumVisualStudioVersion = 10.0.40219.1
Project("{FAE04EC0-301F-11D3-BF4B-00C04F79EFBC}") = "ecomAdminPanel", "ecomAdminPanel\ecomAdminPanel.csproj", "{083CF4FF-542F-46E9-95DA-3622D906646C}"
EndProject
Global
	GlobalSection(SolutionConfigurationPlatforms) = preSolution
		Debug|Any CPU = Debug|Any CPU
		Release|Any CPU = Release|Any CPU
	EndGlobalSection
	GlobalSection(ProjectConfigurationPlatforms) = postSolution
		{083CF4FF-542F-46E9-95DA-3622D906646C}.Debug|Any CPU.ActiveCfg = Debug|Any CPU
		{083CF4FF-542F-46E9-95DA-3622D906646C}.Debug|Any CPU.Build.0 = Debug|Any CPU
		{083CF4FF-542F-46E9-95DA-3622D906646C}.Release|Any CPU.ActiveCfg = Release|Any CPU
		{083CF4FF-542F-46E9-95DA-3622D906646C}.Release|Any CPU.Build.0 = Release|Any CPU
	EndGlobalSection
	GlobalSection(SolutionProperties) = preSolution
		HideSolutionNode = FALSE
	EndGlobalSection
	GlobalSection(ExtensibilityGlobals) = postSolution
		SolutionGuid = {95C82507-393E-4105-93BB-1F47691CEC39}
	EndGlobalSection
EndGlobal
